{
  "nodes": {
    "catppuccin": {
      "locked": {
        "lastModified": 1721784420,
        "narHash": "sha256-bgF6fN4Qgk7NErFKGuuqWXcLORsiykTYyqMUFRiAUBY=",
        "owner": "catppuccin",
        "repo": "nix",
        "rev": "8bdb55cc1c13f572b6e4307a3c0d64f1ae286a4f",
        "type": "github"
      },
      "original": {
        "owner": "catppuccin",
        "repo": "nix",
        "type": "github"
      }
    },
    "flake-parts": {
      "inputs": {
        "nixpkgs-lib": "nixpkgs-lib"
      },
      "locked": {
        "lastModified": 1719994518,
        "narHash": "sha256-pQMhCCHyQGRzdfAkdJ4cIWiw+JNuWsTX7f0ZYSyz0VY=",
        "owner": "hercules-ci",
        "repo": "flake-parts",
        "rev": "9227223f6d922fee3c7b190b2cc238a99527bbb7",
        "type": "github"
      },
      "original": {
        "owner": "hercules-ci",
        "repo": "flake-parts",
        "type": "github"
      }
    },
    "home-manager": {
      "inputs": {
        "nixpkgs": [
          "nixpkgs"
        ]
      },
      "locked": {
        "lastModified": 1720042825,
        "narHash": "sha256-A0vrUB6x82/jvf17qPCpxaM+ulJnD8YZwH9Ci0BsAzE=",
        "owner": "nix-community",
        "repo": "home-manager",
        "rev": "e1391fb22e18a36f57e6999c7a9f966dc80ac073",
        "type": "github"
      },
      "original": {
        "owner": "nix-community",
        "ref": "release-24.05",
        "repo": "home-manager",
        "type": "github"
      }
    },
    "nix-index-database": {
      "inputs": {
        "nixpkgs": [
          "nixpkgs"
        ]
      },
      "locked": {
        "lastModified": 1722136042,
        "narHash": "sha256-x3FmT4QSyK28itMiR5zfYhUrG5nY+2dv+AIcKfmSp5A=",
        "owner": "nix-community",
        "repo": "nix-index-database",
        "rev": "c0ca47e8523b578464014961059999d8eddd4aae",
        "type": "github"
      },
      "original": {
        "owner": "nix-community",
        "repo": "nix-index-database",
        "type": "github"
      }
    },
    "nixpkgs": {
      "locked": {
        "lastModified": 1722221733,
        "narHash": "sha256-sga9SrrPb+pQJxG1ttJfMPheZvDOxApFfwXCFO0H9xw=",
        "owner": "NixOS",
        "repo": "nixpkgs",
        "rev": "12bf09802d77264e441f48e25459c10c93eada2e",
        "type": "github"
      },
      "original": {
        "id": "nixpkgs",
        "ref": "nixos-24.05",
        "type": "indirect"
      }
    },
    "nixpkgs-lib": {
      "locked": {
        "lastModified": 1719876945,
        "narHash": "sha256-Fm2rDDs86sHy0/1jxTOKB1118Q0O3Uc7EC0iXvXKpbI=",
        "type": "tarball",
        "url": "https://github.com/NixOS/nixpkgs/archive/5daf0514482af3f97abaefc78a6606365c9108e2.tar.gz"
      },
      "original": {
        "type": "tarball",
        "url": "https://github.com/NixOS/nixpkgs/archive/5daf0514482af3f97abaefc78a6606365c9108e2.tar.gz"
      }
    },
    "nixpkgs-unstable": {
      "locked": {
        "lastModified": 1722185531,
        "narHash": "sha256-veKR07psFoJjINLC8RK4DiLniGGMgF3QMlS4tb74S6k=",
        "owner": "NixOS",
        "repo": "nixpkgs",
        "rev": "52ec9ac3b12395ad677e8b62106f0b98c1f8569d",
        "type": "github"
      },
      "original": {
        "id": "nixpkgs",
        "ref": "nixos-unstable",
        "type": "indirect"
      }
    },
    "root": {
      "inputs": {
        "catppuccin": "catppuccin",
        "flake-parts": "flake-parts",
        "home-manager": "home-manager",
        "nix-index-database": "nix-index-database",
        "nixpkgs": "nixpkgs",
        "nixpkgs-unstable": "nixpkgs-unstable"
      }
    }
  },
  "root": "root",
  "version": 7
}
